{
  "nodes": {
    "OpenSiv3D": {
      "inputs": {
        "flake-parts": "flake-parts",
        "nixpkgs": "nixpkgs"
      },
      "locked": {
        "lastModified": 1729677245,
        "narHash": "sha256-R3xn7q/Mugs+TLAu1K0ENRpfrevMw8b0JO5QHfA14+g=",
        "owner": "yadokani389",
        "repo": "OpenSiv3D",
        "rev": "9d4ea36bc0a7ef281ad77d86cd70d17e5714a170",
        "type": "github"
      },
      "original": {
        "owner": "yadokani389",
        "repo": "OpenSiv3D",
        "type": "github"
      }
    },
    "flake-parts": {
      "inputs": {
        "nixpkgs-lib": "nixpkgs-lib"
      },
      "locked": {
        "lastModified": 1727826117,
        "narHash": "sha256-K5ZLCyfO/Zj9mPFldf3iwS6oZStJcU4tSpiXTMYaaL0=",
        "owner": "hercules-ci",
        "repo": "flake-parts",
        "rev": "3d04084d54bedc3d6b8b736c70ef449225c361b1",
        "type": "github"
      },
      "original": {
        "owner": "hercules-ci",
        "repo": "flake-parts",
        "type": "github"
      }
    },
    "nixpkgs": {
      "locked": {
        "lastModified": 1729675617,
        "narHash": "sha256-XAnP0mq9JdMEwEcwATPV7rPp1+ORV8G4rCX6GplYfDA=",
        "owner": "NixOS",
        "repo": "nixpkgs",
        "rev": "f885d67e3dbd2afe0c779a9f763ddf7a4b603d97",
        "type": "github"
      },
      "original": {
        "owner": "NixOS",
        "ref": "release-24.05",
        "repo": "nixpkgs",
        "type": "github"
      }
    },
    "nixpkgs-lib": {
      "locked": {
        "lastModified": 1727825735,
        "narHash": "sha256-0xHYkMkeLVQAMa7gvkddbPqpxph+hDzdu1XdGPJR+Os=",
        "type": "tarball",
        "url": "https://github.com/NixOS/nixpkgs/archive/fb192fec7cc7a4c26d51779e9bab07ce6fa5597a.tar.gz"
      },
      "original": {
        "type": "tarball",
        "url": "https://github.com/NixOS/nixpkgs/archive/fb192fec7cc7a4c26d51779e9bab07ce6fa5597a.tar.gz"
      }
    },
    "nixpkgs_2": {
      "locked": {
        "lastModified": 1729675617,
        "narHash": "sha256-XAnP0mq9JdMEwEcwATPV7rPp1+ORV8G4rCX6GplYfDA=",
        "owner": "nixos",
        "repo": "nixpkgs",
        "rev": "f885d67e3dbd2afe0c779a9f763ddf7a4b603d97",
        "type": "github"
      },
      "original": {
        "owner": "nixos",
        "ref": "release-24.05",
        "repo": "nixpkgs",
        "type": "github"
      }
    },
    "root": {
      "inputs": {
        "OpenSiv3D": "OpenSiv3D",
        "nixpkgs": "nixpkgs_2"
      }
    }
  },
  "root": "root",
  "version": 7
}
